{"SurveyEntry":{"SurveyID":"SV_exjdMXh2ki3V5mB","SurveyName":"ESM_Study3_48hrs","SurveyDescription":null,"SurveyOwnerID":"UR_difQCiVIOXQkIpn","SurveyBrandID":"ucsbltsc","DivisionID":null,"SurveyLanguage":"EN","SurveyActiveResponseSet":"RS_cupQ2O0VxE9cMsZ","SurveyStatus":"Inactive","SurveyStartDate":"0000-00-00 00:00:00","SurveyExpirationDate":"0000-00-00 00:00:00","SurveyCreationDate":"2018-11-14 21:53:31","CreatorID":"UR_difQCiVIOXQkIpn","LastModified":"2018-11-28 15:52:23","LastAccessed":"0000-00-00 00:00:00","LastActivated":"0000-00-00 00:00:00","Deleted":null},"SurveyElements":[{"SurveyID":"SV_exjdMXh2ki3V5mB","Element":"BL","PrimaryAttribute":"Survey Blocks","SecondaryAttribute":null,"TertiaryAttribute":null,"Payload":{"1":{"Type":"Trash","Description":"Trash \/ Unused Questions","ID":"BL_0wFWmGKokuWAzcN","BlockElements":[]},"2":{"Type":"Standard","SubType":"","Description":"Consent","ID":"BL_7PXjHzw4Rzu4vWZ","BlockElements":[{"Type":"Question","QuestionID":"QID31"},{"Type":"Question","QuestionID":"QID209"}],"Options":{"BlockLocking":"false","RandomizeQuestions":"false","BlockVisibility":"Collapsed"}},"6":{"Type":"Standard","SubType":"","Description":"Desk","ID":"BL_aiaBjSL4NtJZLJX","BlockElements":[{"Type":"Question","QuestionID":"QID367"},{"Type":"Question","QuestionID":"QID498"},{"Type":"Page Break"},{"Type":"Question","QuestionID":"QID510"},{"Type":"Question","QuestionID":"QID511"},{"Type":"Question","QuestionID":"QID512"}],"Options":{"BlockLocking":"false","RandomizeQuestions":"false","BlockVisibility":"Collapsed"}},"13":{"Type":"Standard","SubType":"","Description":"End","ID":"BL_5teLLL2bikctcwJ","BlockElements":[{"Type":"Question","QuestionID":"QID52"},{"Type":"Question","QuestionID":"QID53"}],"Options":{"BlockLocking":"false","RandomizeQuestions":"false","BlockVisibility":"Collapsed"}},"15":{"Type":"Standard","SubType":"","Description":"Test Block V1 - Source","ID":"BL_1MsRqXfDrSFQyrj","BlockElements":[{"Type":"Question","QuestionID":"QID277"}],"Options":{"BlockLocking":"false","RandomizeQuestions":"false","Looping":"Static","LoopingOptions":{"Static":{"1":{"1":"The shovel felt heavy to hold and was a light brown in color.","2":"INT","3":"V1-1","4":"Sam"},"2":{"1":"This rainbow was high in the sky and could be seen from the ground. ","2":"INT","3":"V1-1","4":"Sam"},"3":{"1":"The rat ate insects off the ground and moved around quickly on all four of its feet.","2":"INT","3":"V1-1","4":"Sam"},"4":{"1":"This was a lizard that had a long, thin tail and could never die no matter what happened to it. ","2":"MCI","3":"V1-1","4":"Sam"},"5":{"1":"The hammer had a wooden handle and needed food every day to stay strong. ","2":"MCI","3":"V1-1","4":"Sam"},"6":{"1":"The rose swayed in the wind and could be in two different parts of the world at the exact same time.","2":"MCI","3":"V1-1","4":"Sam"},"7":{"1":"This was a rock that was thick and hard and looked shiny in the sunlight. ","2":"INT","3":"V1-2","4":"Ariel"},"8":{"1":"The tulip had roots that went deep into the soil and needed sunshine to grow or else it would be small. ","2":"INT","3":"V1-2","4":"Ariel"},"9":{"1":"The dog had soft fur and liked to play with toys.","2":"INT","3":"V1-2","4":"Ariel"},"10":{"1":"The banana was very fresh and ripe and turned invisible a few minutes every day.","2":"MCI","3":"V1-2","4":"Ariel"},"11":{"1":"This was a fence that was covered with moss and was crying because it was sad.","2":"MCI","3":"V1-2","4":"Ariel"},"12":{"1":"The branch felt cold to the touch and could speak in French. ","2":"MCI","3":"V1-2","4":"Ariel"},"13":{"1":"That this river took time to cross over and was surrounded by cold, clear air. ","2":"INT","3":"V1-3","4":"Miguel"},"14":{"1":"This was a mango that had a bright yellow skin and a very fruity and delicious smell.","2":"INT","3":"V1-3","4":"Miguel"},"15":{"1":"The beetle stayed in the mud and moved slowly inch by inch.","2":"INT","3":"V1-3","4":"Miguel"},"16":{"1":"This cactus was small in size and liked to sing loudly.","2":"MCI","3":"V1-3","4":"Miguel"},"17":{"1":"The cat had brown spots and could walk through solid walls.","2":"MCI","3":"V1-3","4":"Miguel"},"18":{"1":"This table was big and often would float in midair. ","2":"MCI","3":"V1-3","4":"Miguel"},"19":{"1":"The mailbox was made of metal and had sharp edges along its corners. ","2":"INT","3":"V1-4","4":"Joanna "},"20":{"1":"The shrub was dark green and was growing next a stream.","2":"INT","3":"V1-4","4":"Joanna "},"21":{"1":"The chair was firm to the touch and could hold lots of weight.","2":"INT","3":"V1-4","4":"Joanna "},"22":{"1":"The cloud was large and far away, and knew what happened in the future.","2":"MCI","3":"V1-4","4":"Joanna "},"23":{"1":"The mountain was near a forest and could overhear everything people said by it.","2":"MCI","3":"V1-4","4":"Joanna "},"24":{"1":"The earthworm hid in a log and knew everybody\u2019s inner-most thoughts.","2":"MCI","3":"V1-4","4":"Joanna "}},"Randomization":"All"},"BlockVisibility":"Expanded"}},"32":{"Type":"Standard","SubType":"","Description":"Test Block V2 - Source","ID":"BL_bdAu36bfvmEKzXL","BlockElements":[{"Type":"Question","QuestionID":"QID281"}],"Options":{"BlockLocking":"false","RandomizeQuestions":"false","Looping":"Static","LoopingOptions":{"Static":{"1":{"1":"The shovel felt heavy to hold and was a light brown in color.","2":"INT","3":"V2-1","4":"Joanna "},"2":{"1":"This rainbow was high in the sky and could be seen from the ground. ","2":"INT","3":"V2-1","4":"Joanna "},"3":{"1":"The rat ate insects off the ground and moved around quickly on all four of its feet.","2":"INT","3":"V2-1","4":"Joanna "},"4":{"1":"This was a lizard that had a long, thin tail and could never die no matter what happened to it. ","2":"MCI","3":"V2-1","4":"Joanna "},"5":{"1":"The hammer had a wooden handle and needed food every day to stay strong. ","2":"MCI","3":"V2-1","4":"Joanna "},"6":{"1":"The rose swayed in the wind and could be in two different parts of the world at the exact same time.","2":"MCI","3":"V2-1","4":"Joanna "},"7":{"1":"This was a rock that was thick and hard and looked shiny in the sunlight. ","2":"INT","3":"V2-2","4":"Sam"},"8":{"1":"The tulip had roots that went deep into the soil and needed sunshine to grow or else it would be small. ","2":"INT","3":"V2-2","4":"Sam"},"9":{"1":"The dog had soft fur and liked to play with toys.","2":"INT","3":"V2-2","4":"Sam"},"10":{"1":"The banana was very fresh and ripe and turned invisible a few minutes every day.","2":"MCI","3":"V2-2","4":"Sam"},"11":{"1":"This was a fence that was covered with moss and was crying because it was sad.","2":"MCI","3":"V2-2","4":"Sam"},"12":{"1":"The branch felt cold to the touch and could speak in French. ","2":"MCI","3":"V2-2","4":"Sam"},"13":{"1":"That this river took time to cross over and was surrounded by cold, clear air. ","2":"INT","3":"V2-3","4":"Ariel"},"14":{"1":"This was a mango that had a bright yellow skin and a very fruity and delicious smell.","2":"INT","3":"V2-3","4":"Ariel"},"15":{"1":"The beetle stayed in the mud and moved slowly inch by inch.","2":"INT","3":"V2-3","4":"Ariel"},"16":{"1":"This cactus was small in size and liked to sing loudly.","2":"MCI","3":"V2-3","4":"Ariel"},"17":{"1":"The cat had brown spots and could walk through solid walls.","2":"MCI","3":"V2-3","4":"Ariel"},"18":{"1":"This table was big and often would float in midair. ","2":"MCI","3":"V2-3","4":"Ariel"},"19":{"1":"The mailbox was made of metal and had sharp edges along its corners. ","2":"INT","3":"V2-4","4":"Miguel"},"20":{"1":"The shrub was dark green and was growing next a stream.","2":"INT","3":"V2-4","4":"Miguel"},"21":{"1":"The chair was firm to the touch and could hold lots of weight.","2":"INT","3":"V2-4","4":"Miguel"},"22":{"1":"The cloud was large and far away, and knew what happened in the future.","2":"MCI","3":"V2-4","4":"Miguel"},"23":{"1":"The mountain was near a forest and could overhear everything people said by it.","2":"MCI","3":"V2-4","4":"Miguel"},"24":{"1":"The earthworm hid in a log and knew everybody\u2019s inner-most thoughts.","2":"MCI","3":"V2-4","4":"Miguel"}},"Randomization":"All"},"BlockVisibility":"Collapsed"}},"33":{"Type":"Standard","SubType":"","Description":"Test Block V3 - Source","ID":"BL_3V55f5WtcuI2XOt","BlockElements":[{"Type":"Question","QuestionID":"QID285"}],"Options":{"BlockLocking":"false","RandomizeQuestions":"false","Looping":"Static","LoopingOptions":{"Static":{"1":{"1":"The hammer felt heavy to hold and was a light brown in color.","2":"INT","3":"V3-1","4":"Miguel"},"2":{"1":"This cloud was high in the sky and could be seen from the ground. ","2":"INT","3":"V3-1","4":"Miguel"},"3":{"1":"The lizard ate insects off the ground and moved around quickly on all four of its feet.","2":"INT","3":"V3-1","4":"Miguel"},"4":{"1":"This was a rat that had a long, thin tail and could never die no matter what happened to it. ","2":"MCI","3":"V3-1","4":"Miguel"},"5":{"1":"The shovel had a wooden handle and needed food every day to stay strong. ","2":"MCI","3":"V3-1","4":"Miguel"},"6":{"1":"The tulip swayed in the wind and could be in two different parts of the world at the exact same time. ","2":"MCI","3":"V3-1","4":"Miguel"},"7":{"1":"This was a branch that was thick and hard and looked shiny in the sunlight. ","2":"INT","3":"V3-2","4":"Joanna"},"8":{"1":"The rose had roots that went deep into the soil and needed sunshine to grow or else it would be small. ","2":"INT","3":"V3-2","4":"Joanna"},"9":{"1":"The cat had soft fur and liked to play with toys.","2":"INT","3":"V3-2","4":"Joanna"},"10":{"1":"The mango was very fresh and ripe and turned invisible a few minutes every day.","2":"MCI","3":"V3-2","4":"Joanna"},"11":{"1":"This was a mailbox that was covered with moss and was crying because it was sad. ","2":"MCI","3":"V3-2","4":"Joanna"},"12":{"1":"The rock felt cold to the touch and could speak in French. ","2":"MCI","3":"V3-2","4":"Joanna"},"13":{"1":"That this mountain took time to cross over and was surrounded by cold, clear air. ","2":"INT","3":"V3-3","4":"Sam"},"14":{"1":"The earthworm stayed in the mud and moved slowly inch by inch.","2":"INT","3":"V3-3","4":"Sam"},"15":{"1":"This was a banana that had a bright yellow skin and a very fruity and delicious smell.","2":"INT","3":"V3-3","4":"Sam"},"16":{"1":"This shrub was small in size and liked to sing loudly.","2":"MCI","3":"V3-3","4":"Sam"},"17":{"1":"This chair was big and often would float in midair. ","2":"MCI","3":"V3-3","4":"Sam"},"18":{"1":"The dog had brown spots and could walk through solid walls.","2":"MCI","3":"V3-3","4":"Sam"},"19":{"1":"The fence was made of metal and had sharp edges along its corners. ","2":"INT","3":"V3-4","4":"Ariel"},"20":{"1":"The cactus was dark green and was growing next a stream.","2":"INT","3":"V3-4","4":"Ariel"},"21":{"1":"The table was firm to the touch and could hold lots of weight.","2":"INT","3":"V3-4","4":"Ariel"},"22":{"1":"The rainbow was large and far away, and knew what happened in the future.","2":"MCI","3":"V3-4","4":"Ariel"},"23":{"1":"The river was near a forest and could overhear everything people said by it.","2":"MCI","3":"V3-4","4":"Ariel"},"24":{"1":"The beetle hid in a log and knew everybody\u2019s inner-most thoughts. ","2":"MCI","3":"V3-4","4":"Ariel"}},"Randomization":"All"},"BlockVisibility":"Collapsed"}},"34":{"Type":"Standard","SubType":"","Description":"Test Block V4 - Source","ID":"BL_4HhDPHm8RVKDnTv","BlockElements":[{"Type":"Question","QuestionID":"QID284"}],"Options":{"BlockLocking":"false","RandomizeQuestions":"false","Looping":"Static","LoopingOptions":{"Static":{"1":{"1":"The hammer felt heavy to hold and was a light brown in color.","2":"INT","3":"V4-1","4":"Ariel"},"2":{"1":"This cloud was high in the sky and could be seen from the ground. ","2":"INT","3":"V4-1","4":"Ariel"},"3":{"1":"The lizard ate insects off the ground and moved around quickly on all four of its feet.","2":"INT","3":"V4-1","4":"Ariel"},"4":{"1":"This was a rat that had a long, thin tail and could never die no matter what happened to it. ","2":"MCI","3":"V4-1","4":"Ariel"},"5":{"1":"The shovel had a wooden handle and needed food every day to stay strong. ","2":"MCI","3":"V4-1","4":"Ariel"},"6":{"1":"The tulip swayed in the wind and could be in two different parts of the world at the exact same time. ","2":"MCI","3":"V4-1","4":"Ariel"},"7":{"1":"This was a branch that was thick and hard and looked shiny in the sunlight. ","2":"INT","3":"V4-2","4":"Miguel"},"8":{"1":"The rose had roots that went deep into the soil and needed sunshine to grow or else it would be small. ","2":"INT","3":"V4-2","4":"Miguel"},"9":{"1":"The cat had soft fur and liked to play with toys.","2":"INT","3":"V4-2","4":"Miguel"},"10":{"1":"The mango was very fresh and ripe and turned invisible a few minutes every day.","2":"MCI","3":"V4-2","4":"Miguel"},"11":{"1":"This was a mailbox that was covered with moss and was crying because it was sad. ","2":"MCI","3":"V4-2","4":"Miguel"},"12":{"1":"The rock felt cold to the touch and could speak in French. ","2":"MCI","3":"V4-2","4":"Miguel"},"13":{"1":"That this mountain took time to cross over and was surrounded by cold, clear air. ","2":"INT","3":"V4-3","4":"Joanna"},"14":{"1":"The earthworm stayed in the mud and moved slowly inch by inch.","2":"INT","3":"V4-3","4":"Joanna"},"15":{"1":"This was a banana that had a bright yellow skin and a very fruity and delicious smell.","2":"INT","3":"V4-3","4":"Joanna"},"16":{"1":"This shrub was small in size and liked to sing loudly.","2":"MCI","3":"V4-3","4":"Joanna"},"17":{"1":"This chair was big and often would float in midair. ","2":"MCI","3":"V4-3","4":"Joanna"},"18":{"1":"The dog had brown spots and could walk through solid walls.","2":"MCI","3":"V4-3","4":"Joanna"},"19":{"1":"The fence was made of metal and had sharp edges along its corners. ","2":"INT","3":"V4-4","4":"Sam"},"20":{"1":"The cactus was dark green and was growing next a stream.","2":"INT","3":"V4-4","4":"Sam"},"21":{"1":"The table was firm to the touch and could hold lots of weight.","2":"INT","3":"V4-4","4":"Sam"},"22":{"1":"The rainbow was large and far away, and knew what happened in the future.","2":"MCI","3":"V4-4","4":"Sam"},"23":{"1":"The river was near a forest and could overhear everything people said by it.","2":"MCI","3":"V4-4","4":"Sam"},"24":{"1":"The beetle hid in a log and knew everybody\u2019s inner-most thoughts. ","2":"MCI","3":"V4-4","4":"Sam"}},"Randomization":"All"},"BlockVisibility":"Collapsed"}},"61":{"Type":"Standard","SubType":"","Description":"Test Block C1 - Setting","ID":"BL_56IfVCBuuJovoZn","BlockElements":[{"Type":"Question","QuestionID":"QID462"}],"Options":{"BlockLocking":false,"RandomizeQuestions":"false","Looping":"Static","LoopingOptions":{"Static":{"1":{"1":"The shovel felt heavy to hold and was a light brown in color.","2":"INT","3":"C1-1","4":"Joshua Tree"},"2":{"1":"This rainbow was high in the sky and could be seen from the ground. ","2":"INT","3":"C1-1","4":"Joshua Tree"},"3":{"1":"The rat ate insects off the ground and moved around quickly on all four of its feet.","2":"INT","3":"C1-1","4":"Joshua Tree"},"4":{"1":"This was a lizard that had a long, thin tail and could never die no matter what happened to it. ","2":"MCI","3":"C1-1","4":"Joshua Tree"},"5":{"1":"The hammer had a wooden handle and needed food every day to stay strong. ","2":"MCI","3":"C1-1","4":"Joshua Tree"},"6":{"1":"The rose swayed in the wind and could be in two different parts of the world at the exact same time.","2":"MCI","3":"C1-1","4":"Joshua Tree"},"7":{"1":"This was a rock that was thick and hard and looked shiny in the sunlight. ","2":"INT","3":"C1-2","4":"Sequoia"},"8":{"1":"The tulip had roots that went deep into the soil and needed sunshine to grow or else it would be small. ","2":"INT","3":"C1-2","4":"Sequoia"},"9":{"1":"The dog had soft fur and liked to play with toys.","2":"INT","3":"C1-2","4":"Sequoia"},"10":{"1":"The banana was very fresh and ripe and turned invisible a few minutes every day.","2":"MCI","3":"C1-2","4":"Sequoia"},"11":{"1":"This was a fence that was covered with moss and was crying because it was sad.","2":"MCI","3":"C1-2","4":"Sequoia"},"12":{"1":"The branch felt cold to the touch and could speak in French. ","2":"MCI","3":"C1-2","4":"Sequoia"},"13":{"1":"That this river took time to cross over and was surrounded by cold, clear air. ","2":"INT","3":"C1-3","4":"Mammoth"},"14":{"1":"This was a mango that had a bright yellow skin and a very fruity and delicious smell.","2":"INT","3":"C1-3","4":"Mammoth"},"15":{"1":"The beetle stayed in the mud and moved slowly inch by inch.","2":"INT","3":"C1-3","4":"Mammoth"},"16":{"1":"This cactus was small in size and liked to sing loudly.","2":"MCI","3":"C1-3","4":"Mammoth"},"17":{"1":"The cat had brown spots and could walk through solid walls.","2":"MCI","3":"C1-3","4":"Mammoth"},"18":{"1":"This table was big and often would float in midair. ","2":"MCI","3":"C1-3","4":"Mammoth"},"19":{"1":"The mailbox was made of metal and had sharp edges along its corners. ","2":"INT","3":"C1-4","4":"Big Sur"},"20":{"1":"The shrub was dark green and was growing next a stream.","2":"INT","3":"C1-4","4":"Big Sur"},"21":{"1":"The chair was firm to the touch and could hold lots of weight.","2":"INT","3":"C1-4","4":"Big Sur"},"22":{"1":"The cloud was large and far away, and knew what happened in the future.","2":"MCI","3":"C1-4","4":"Big Sur"},"23":{"1":"The mountain was near a forest and could overhear everything people said by it.","2":"MCI","3":"C1-4","4":"Big Sur"},"24":{"1":"The earthworm hid in a log and knew everybody\u2019s inner-most thoughts.","2":"MCI","3":"C1-4","4":"Big Sur"}},"Randomization":"All"},"BlockVisibility":"Collapsed"}},"62":{"Type":"Standard","SubType":"","Description":"Test Block C2 - Setting","ID":"BL_5u1jTdGyQEu1ExL","BlockElements":[{"Type":"Question","QuestionID":"QID463"}],"Options":{"BlockLocking":false,"RandomizeQuestions":"false","Looping":"Static","LoopingOptions":{"Static":{"1":{"1":"The shovel felt heavy to hold and was a light brown in color.","2":"INT","3":"C2-1","4":"Big Sur"},"2":{"1":"This rainbow was high in the sky and could be seen from the ground. ","2":"INT","3":"C2-1","4":"Big Sur"},"3":{"1":"The rat ate insects off the ground and moved around quickly on all four of its feet.","2":"INT","3":"C2-1","4":"Big Sur"},"4":{"1":"This was a lizard that had a long, thin tail and could never die no matter what happened to it. ","2":"MCI","3":"C2-1","4":"Big Sur"},"5":{"1":"The hammer had a wooden handle and needed food every day to stay strong. ","2":"MCI","3":"C2-1","4":"Big Sur"},"6":{"1":"The rose swayed in the wind and could be in two different parts of the world at the exact same time.","2":"MCI","3":"C2-1","4":"Big Sur"},"7":{"1":"This was a rock that was thick and hard and looked shiny in the sunlight. ","2":"INT","3":"C2-2","4":"Joshua Tree"},"8":{"1":"The tulip had roots that went deep into the soil and needed sunshine to grow or else it would be small. ","2":"INT","3":"C2-2","4":"Joshua Tree"},"9":{"1":"The dog had soft fur and liked to play with toys.","2":"INT","3":"C2-2","4":"Joshua Tree"},"10":{"1":"The banana was very fresh and ripe and turned invisible a few minutes every day.","2":"MCI","3":"C2-2","4":"Joshua Tree"},"11":{"1":"This was a fence that was covered with moss and was crying because it was sad.","2":"MCI","3":"C2-2","4":"Joshua Tree"},"12":{"1":"The branch felt cold to the touch and could speak in French. ","2":"MCI","3":"C2-2","4":"Joshua Tree"},"13":{"1":"That this river took time to cross over and was surrounded by cold, clear air. ","2":"INT","3":"C2-3","4":"Sequoia"},"14":{"1":"This was a mango that had a bright yellow skin and a very fruity and delicious smell.","2":"INT","3":"C2-3","4":"Sequoia"},"15":{"1":"The beetle stayed in the mud and moved slowly inch by inch.","2":"INT","3":"C2-3","4":"Sequoia"},"16":{"1":"This cactus was small in size and liked to sing loudly.","2":"MCI","3":"C2-3","4":"Sequoia"},"17":{"1":"The cat had brown spots and could walk through solid walls.","2":"MCI","3":"C2-3","4":"Sequoia"},"18":{"1":"This table was big and often would float in midair. ","2":"MCI","3":"C2-3","4":"Sequoia"},"19":{"1":"The mailbox was made of metal and had sharp edges along its corners. ","2":"INT","3":"C2-4","4":"Mammoth"},"20":{"1":"The shrub was dark green and was growing next a stream.","2":"INT","3":"C2-4","4":"Mammoth"},"21":{"1":"The chair was firm to the touch and could hold lots of weight.","2":"INT","3":"C2-4","4":"Mammoth"},"22":{"1":"The cloud was large and far away, and knew what happened in the future.","2":"MCI","3":"C2-4","4":"Mammoth"},"23":{"1":"The mountain was near a forest and could overhear everything people said by it.","2":"MCI","3":"C2-4","4":"Mammoth"},"24":{"1":"The earthworm hid in a log and knew everybody\u2019s inner-most thoughts.","2":"MCI","3":"C2-4","4":"Mammoth"}},"Randomization":"All"},"BlockVisibility":"Collapsed"}},"63":{"Type":"Standard","SubType":"","Description":"Test Block C3 - Setting","ID":"BL_efyrMTEo0pvI6cR","BlockElements":[{"Type":"Question","QuestionID":"QID464"}],"Options":{"BlockLocking":false,"RandomizeQuestions":"false","Looping":"Static","LoopingOptions":{"Static":{"1":{"1":"The hammer felt heavy to hold and was a light brown in color.","2":"INT","3":"C3-1","4":"Mammoth"},"2":{"1":"This cloud was high in the sky and could be seen from the ground. ","2":"INT","3":"C3-1","4":"Mammoth"},"3":{"1":"The lizard ate insects off the ground and moved around quickly on all four of its feet.","2":"INT","3":"C3-1","4":"Mammoth"},"4":{"1":"This was a rat that had a long, thin tail and could never die no matter what happened to it. ","2":"MCI","3":"C3-1","4":"Mammoth"},"5":{"1":"The shovel had a wooden handle and needed food every day to stay strong. ","2":"MCI","3":"C3-1","4":"Mammoth"},"6":{"1":"The tulip swayed in the wind and could be in two different parts of the world at the exact same time. ","2":"MCI","3":"C3-1","4":"Mammoth"},"7":{"1":"This was a branch that was thick and hard and looked shiny in the sunlight. ","2":"INT","3":"C3-2","4":"Big Sur"},"8":{"1":"The rose had roots that went deep into the soil and needed sunshine to grow or else it would be small. ","2":"INT","3":"C3-2","4":"Big Sur"},"9":{"1":"The cat had soft fur and liked to play with toys.","2":"INT","3":"C3-2","4":"Big Sur"},"10":{"1":"The mango was very fresh and ripe and turned invisible a few minutes every day.","2":"MCI","3":"C3-2","4":"Big Sur"},"11":{"1":"This was a mailbox that was covered with moss and was crying because it was sad. ","2":"MCI","3":"C3-2","4":"Big Sur"},"12":{"1":"The rock felt cold to the touch and could speak in French. ","2":"MCI","3":"C3-2","4":"Big Sur"},"13":{"1":"That this mountain took time to cross over and was surrounded by cold, clear air. ","2":"INT","3":"C3-3","4":"Joshua Tree"},"14":{"1":"The earthworm stayed in the mud and moved slowly inch by inch.","2":"INT","3":"C3-3","4":"Joshua Tree"},"15":{"1":"This was a banana that had a bright yellow skin and a very fruity and delicious smell.","2":"INT","3":"C3-3","4":"Joshua Tree"},"16":{"1":"This shrub was small in size and liked to sing loudly.","2":"MCI","3":"C3-3","4":"Joshua Tree"},"17":{"1":"This chair was big and often would float in midair. ","2":"MCI","3":"C3-3","4":"Joshua Tree"},"18":{"1":"The dog had brown spots and could walk through solid walls.","2":"MCI","3":"C3-3","4":"Joshua Tree"},"19":{"1":"The fence was made of metal and had sharp edges along its corners. ","2":"INT","3":"C3-4","4":"Sequoia"},"20":{"1":"The cactus was dark green and was growing next a stream.","2":"INT","3":"C3-4","4":"Sequoia"},"21":{"1":"The table was firm to the touch and could hold lots of weight.","2":"INT","3":"C3-4","4":"Sequoia"},"22":{"1":"The rainbow was large and far away, and knew what happened in the future.","2":"MCI","3":"C3-4","4":"Sequoia"},"23":{"1":"The river was near a forest and could overhear everything people said by it.","2":"MCI","3":"C3-4","4":"Sequoia"},"24":{"1":"The beetle hid in a log and knew everybody\u2019s inner-most thoughts. ","2":"MCI","3":"C3-4","4":"Sequoia"}},"Randomization":"All"},"BlockVisibility":"Collapsed"}},"64":{"Type":"Standard","SubType":"","Description":"Test Block C4 - Setting","ID":"BL_3QzaqahODVtlpXL","BlockElements":[{"Type":"Question","QuestionID":"QID465"}],"Options":{"BlockLocking":false,"RandomizeQuestions":"false","Looping":"Static","LoopingOptions":{"Static":{"1":{"1":"The hammer felt heavy to hold and was a light brown in color.","2":"INT","3":"C4-1","4":"Sequoia"},"2":{"1":"This cloud was high in the sky and could be seen from the ground. ","2":"INT","3":"C4-1","4":"Sequoia"},"3":{"1":"The lizard ate insects off the ground and moved around quickly on all four of its feet.","2":"INT","3":"C4-1","4":"Sequoia"},"4":{"1":"This was a rat that had a long, thin tail and could never die no matter what happened to it. ","2":"MCI","3":"C4-1","4":"Sequoia"},"5":{"1":"The shovel had a wooden handle and needed food every day to stay strong. ","2":"MCI","3":"C4-1","4":"Sequoia"},"6":{"1":"The tulip swayed in the wind and could be in two different parts of the world at the exact same time. ","2":"MCI","3":"C4-1","4":"Sequoia"},"7":{"1":"This was a branch that was thick and hard and looked shiny in the sunlight. ","2":"INT","3":"C4-2","4":"Mammoth"},"8":{"1":"The rose had roots that went deep into the soil and needed sunshine to grow or else it would be small. ","2":"INT","3":"C4-2","4":"Mammoth"},"9":{"1":"The cat had soft fur and liked to play with toys.","2":"INT","3":"C4-2","4":"Mammoth"},"10":{"1":"The mango was very fresh and ripe and turned invisible a few minutes every day.","2":"MCI","3":"C4-2","4":"Mammoth"},"11":{"1":"This was a mailbox that was covered with moss and was crying because it was sad. ","2":"MCI","3":"C4-2","4":"Mammoth"},"12":{"1":"The rock felt cold to the touch and could speak in French. ","2":"MCI","3":"C4-2","4":"Mammoth"},"13":{"1":"That this mountain took time to cross over and was surrounded by cold, clear air. ","2":"INT","3":"C4-3","4":"Big Sur"},"14":{"1":"The earthworm stayed in the mud and moved slowly inch by inch.","2":"INT","3":"C4-3","4":"Big Sur"},"15":{"1":"This was a banana that had a bright yellow skin and a very fruity and delicious smell.","2":"INT","3":"C4-3","4":"Big Sur"},"16":{"1":"This shrub was small in size and liked to sing loudly.","2":"MCI","3":"C4-3","4":"Big Sur"},"17":{"1":"This chair was big and often would float in midair. ","2":"MCI","3":"C4-3","4":"Big Sur"},"18":{"1":"The dog had brown spots and could walk through solid walls.","2":"MCI","3":"C4-3","4":"Big Sur"},"19":{"1":"The fence was made of metal and had sharp edges along its corners. ","2":"INT","3":"C4-4","4":"Joshua Tree"},"20":{"1":"The cactus was dark green and was growing next a stream.","2":"INT","3":"C4-4","4":"Joshua Tree"},"21":{"1":"The table was firm to the touch and could hold lots of weight.","2":"INT","3":"C4-4","4":"Joshua Tree"},"22":{"1":"The rainbow was large and far away, and knew what happened in the future.","2":"MCI","3":"C4-4","4":"Joshua Tree"},"23":{"1":"The river was near a forest and could overhear everything people said by it.","2":"MCI","3":"C4-4","4":"Joshua Tree"},"24":{"1":"The beetle hid in a log and knew everybody\u2019s inner-most thoughts. ","2":"MCI","3":"C4-4","4":"Joshua Tree"}},"Randomization":"All"},"BlockVisibility":"Collapsed"}},"65":{"Type":"Standard","SubType":"","Description":"Version","ID":"BL_8ugJXRHXGHnZ7Pn","Options":{"BlockLocking":"false","RandomizeQuestions":"false","BlockVisibility":"Collapsed"},"BlockElements":[{"Type":"Question","QuestionID":"QID509"}]}}},{"SurveyID":"SV_exjdMXh2ki3V5mB","Element":"FL","PrimaryAttribute":"Survey Flow","SecondaryAttribute":null,"TertiaryAttribute":null,"Payload":{"Type":"Root","FlowID":"FL_1","Flow":[{"Type":"Standard","ID":"BL_8ugJXRHXGHnZ7Pn","FlowID":"FL_127"},{"Type":"Standard","ID":"BL_7PXjHzw4Rzu4vWZ","FlowID":"FL_2"},{"Type":"Branch","FlowID":"FL_3","Description":"New Branch","BranchLogic":{"0":{"0":{"LogicType":"Question","QuestionID":"QID31","QuestionIsInLoop":"no","ChoiceLocator":"q:\/\/QID31\/SelectableChoice\/1","Operator":"Selected","QuestionIDFromLocator":"QID31","LeftOperand":"q:\/\/QID31\/SelectableChoice\/1","Type":"Expression","Description":"<span class=\"ConjDesc\">If<\/span> <span class=\"QuestionDesc\">Academic research consent form: You are being invited to participate in a basic research study. &nbsp;...<\/span> <span class=\"LeftOpDesc\">I agree to participate<\/span> Is <span class=\"OpDesc\">Selected<\/span> "},"Type":"If"},"Type":"BooleanExpression"},"Flow":[{"Type":"Standard","ID":"BL_aiaBjSL4NtJZLJX","FlowID":"FL_6"},{"Type":"Branch","FlowID":"FL_7","Description":"New Branch","BranchLogic":{"0":{"0":{"LogicType":"Question","QuestionID":"QID31","QuestionIsInLoop":"no","ChoiceLocator":"q:\/\/QID31\/SelectableChoice\/1","Operator":"Selected","QuestionIDFromLocator":"QID31","LeftOperand":"q:\/\/QID31\/SelectableChoice\/1","Type":"Expression","Description":"<span class=\"ConjDesc\">If<\/span> <span class=\"QuestionDesc\">Academic research consent form: You are being invited to participate in a basic research study. &nbsp;...<\/span> <span class=\"LeftOpDesc\">&lt;span style=\"font-size:16px;\"&gt;&lt;span style=\"font-family:arial,helvetica,sans-serif;\"&gt;I agree to participate&lt;\/span&gt;&lt;\/span&gt;<\/span> <span class=\"OpDesc\">Is Selected<\/span> "},"Type":"If"},"Type":"BooleanExpression"},"Flow":[{"Type":"Branch","FlowID":"FL_15","Description":"New Branch","BranchLogic":{"0":{"0":{"LogicType":"Question","QuestionID":"QID509","QuestionIsInLoop":"no","ChoiceLocator":"q:\/\/QID509\/SelectableChoice\/1","Operator":"Selected","QuestionIDFromLocator":"QID509","LeftOperand":"q:\/\/QID509\/SelectableChoice\/1","Type":"Expression","Description":"<span class=\"ConjDesc\">If<\/span> <span class=\"QuestionDesc\">Experimenter: Which Version is this participant?&amp;nbsp;<\/span> <span class=\"LeftOpDesc\">1<\/span> <span class=\"OpDesc\">Is Selected<\/span> "},"Type":"If"},"Type":"BooleanExpression"},"Flow":[{"Type":"Block","ID":"BL_1MsRqXfDrSFQyrj","FlowID":"FL_32"}]},{"Type":"Branch","FlowID":"FL_16","Description":"New Branch","BranchLogic":{"0":{"0":{"LogicType":"Question","QuestionID":"QID509","QuestionIsInLoop":"no","ChoiceLocator":"q:\/\/QID509\/SelectableChoice\/2","Operator":"Selected","QuestionIDFromLocator":"QID509","LeftOperand":"q:\/\/QID509\/SelectableChoice\/2","Type":"Expression","Description":"<span class=\"ConjDesc\">If<\/span> <span class=\"QuestionDesc\">Experimenter: Which Version is this participant?&amp;nbsp;<\/span> <span class=\"LeftOpDesc\">2<\/span> <span class=\"OpDesc\">Is Selected<\/span> "},"Type":"If"},"Type":"BooleanExpression"},"Flow":[{"Type":"Block","ID":"BL_bdAu36bfvmEKzXL","FlowID":"FL_29"}]},{"Type":"Branch","FlowID":"FL_17","Description":"New Branch","BranchLogic":{"0":{"0":{"LogicType":"Question","QuestionID":"QID509","QuestionIsInLoop":"no","ChoiceLocator":"q:\/\/QID509\/SelectableChoice\/3","Operator":"Selected","QuestionIDFromLocator":"QID509","LeftOperand":"q:\/\/QID509\/SelectableChoice\/3","Type":"Expression","Description":"<span class=\"ConjDesc\">If<\/span> <span class=\"QuestionDesc\">Experimenter: Which Version is this participant?&amp;nbsp;<\/span> <span class=\"LeftOpDesc\">3<\/span> <span class=\"OpDesc\">Is Selected<\/span> "},"Type":"If"},"Type":"BooleanExpression"},"Flow":[{"Type":"Block","ID":"BL_3V55f5WtcuI2XOt","FlowID":"FL_26"}]},{"Type":"Branch","FlowID":"FL_18","Description":"New Branch","BranchLogic":{"0":{"0":{"LogicType":"Question","QuestionID":"QID509","QuestionIsInLoop":"no","ChoiceLocator":"q:\/\/QID509\/SelectableChoice\/4","Operator":"Selected","QuestionIDFromLocator":"QID509","LeftOperand":"q:\/\/QID509\/SelectableChoice\/4","Type":"Expression","Description":"<span class=\"ConjDesc\">If<\/span> <span class=\"QuestionDesc\">Experimenter: Which Version is this participant?&amp;nbsp;<\/span> <span class=\"LeftOpDesc\">4<\/span> <span class=\"OpDesc\">Is Selected<\/span> "},"Type":"If"},"Type":"BooleanExpression"},"Flow":[{"Type":"Block","ID":"BL_4HhDPHm8RVKDnTv","FlowID":"FL_23"}]},{"Type":"Branch","FlowID":"FL_119","Description":"New Branch","BranchLogic":{"0":{"0":{"LogicType":"Question","QuestionID":"QID509","QuestionIsInLoop":"no","ChoiceLocator":"q:\/\/QID509\/SelectableChoice\/5","Operator":"Selected","QuestionIDFromLocator":"QID509","LeftOperand":"q:\/\/QID509\/SelectableChoice\/5","Type":"Expression","Description":"<span class=\"ConjDesc\">If<\/span> <span class=\"QuestionDesc\">Experimenter: Which Version is this participant?&amp;nbsp;<\/span> <span class=\"LeftOpDesc\">5<\/span> <span class=\"OpDesc\">Is Selected<\/span> "},"Type":"If"},"Type":"BooleanExpression"},"Flow":[{"Type":"Standard","ID":"BL_56IfVCBuuJovoZn","FlowID":"FL_115"}]},{"Type":"Branch","FlowID":"FL_120","Description":"New Branch","BranchLogic":{"0":{"0":{"LogicType":"Question","QuestionID":"QID509","QuestionIsInLoop":"no","ChoiceLocator":"q:\/\/QID509\/SelectableChoice\/6","Operator":"Selected","QuestionIDFromLocator":"QID509","LeftOperand":"q:\/\/QID509\/SelectableChoice\/6","Type":"Expression","Description":"<span class=\"ConjDesc\">If<\/span> <span class=\"QuestionDesc\">Experimenter: Which Version is this participant?&amp;nbsp;<\/span> <span class=\"LeftOpDesc\">6<\/span> <span class=\"OpDesc\">Is Selected<\/span> "},"Type":"If"},"Type":"BooleanExpression"},"Flow":[{"Type":"Standard","ID":"BL_5u1jTdGyQEu1ExL","FlowID":"FL_116"}]},{"Type":"Branch","FlowID":"FL_122","Description":"New Branch","BranchLogic":{"0":{"0":{"LogicType":"Question","QuestionID":"QID509","QuestionIsInLoop":"no","ChoiceLocator":"q:\/\/QID509\/SelectableChoice\/7","Operator":"Selected","QuestionIDFromLocator":"QID509","LeftOperand":"q:\/\/QID509\/SelectableChoice\/7","Type":"Expression","Description":"<span class=\"ConjDesc\">If<\/span> <span class=\"QuestionDesc\">Experimenter: Which Version is this participant?&amp;nbsp;<\/span> <span class=\"LeftOpDesc\">7<\/span> <span class=\"OpDesc\">Is Selected<\/span> "},"Type":"If"},"Type":"BooleanExpression"},"Flow":[{"Type":"Standard","ID":"BL_efyrMTEo0pvI6cR","FlowID":"FL_117"}]},{"Type":"Branch","FlowID":"FL_121","Description":"New Branch","BranchLogic":{"0":{"0":{"LogicType":"Question","QuestionID":"QID509","QuestionIsInLoop":"no","ChoiceLocator":"q:\/\/QID509\/SelectableChoice\/8","Operator":"Selected","QuestionIDFromLocator":"QID509","LeftOperand":"q:\/\/QID509\/SelectableChoice\/8","Type":"Expression","Description":"<span class=\"ConjDesc\">If<\/span> <span class=\"QuestionDesc\">Experimenter: Which Version is this participant?&amp;nbsp;<\/span> <span class=\"LeftOpDesc\">8<\/span> <span class=\"OpDesc\">Is Selected<\/span> "},"Type":"If"},"Type":"BooleanExpression"},"Flow":[{"Type":"Standard","ID":"BL_3QzaqahODVtlpXL","FlowID":"FL_118"}]},{"Type":"Standard","ID":"BL_5teLLL2bikctcwJ","FlowID":"FL_20"}]}]},{"Type":"EndSurvey","FlowID":"FL_4","EndingType":"Advanced","Options":{"Advanced":"true","SurveyTermination":"DefaultMessage","EOSMessageLibrary":"UR_cILpSyREt6lStus","EOSMessage":"MS_2t71pmhQHebtc1L"}}],"Properties":{"Count":128,"RemovedFieldsets":[]}}},{"SurveyID":"SV_exjdMXh2ki3V5mB","Element":"SN","PrimaryAttribute":"Snapshot","SecondaryAttribute":null,"TertiaryAttribute":null,"Payload":{"Snapshot":null,"ID":"Snapshot"}},{"SurveyID":"SV_exjdMXh2ki3V5mB","Element":"SO","PrimaryAttribute":"Survey Options","SecondaryAttribute":null,"TertiaryAttribute":null,"Payload":{"BackButton":"false","SaveAndContinue":"false","SurveyProtection":"PublicSurvey","BallotBoxStuffingPrevention":"false","NoIndex":"Yes","SurveyExpiration":null,"SurveyTermination":"DefaultMessage","Header":"","Footer":"","ProgressBarDisplay":"None","PartialData":"+4 hour","ValidationMessage":null,"PreviousButton":"  <<  ","NextButton":"  >>  ","SkinLibrary":"Qualtrics","SkinType":"MQ","Skin":"minimal","NewScoring":1,"libraryId":"","nextButtonMid":"","previousButtonMid":"","headerMid":"","footerMid":"","QuestionsPerPage":"","PageTransition":"None","ExternalCSS":null,"CustomStyles":{"errorStyles":{"selector":".Skin .ValidationError","styles":{"color":null,"backgroundColor":null,"borderColor":null}},"errorStylesBG":{"selector":".Skin .HeaderValidationError, .Skin .HeaderValidationError li a","styles":{"color":null,"backgroundColor":null}},"pageStyles":{"selector":"#SurveyEngineBody","styles":{"backgroundColor":null}},"textStyles":{"selector":".SkinInner","styles":{"fontFamily":"arial, helvetica, sans-serif","fontSize":"110%","fontWeight":null,"fontStyle":null,"textDecoration":null,"color":null}},"questionStyles":{"selector":".Skin .QuestionText","styles":{"fontFamily":"arial, helvetica, sans-serif","fontSize":"14pt","fontWeight":"normal","fontStyle":"normal","textDecoration":"none","color":null}},"choiceStyles":{"selector":".Skin .horizontalbar th.ylabel, .Skin .Matrix table td, .Skin .Matrix table th, .Skin .Matrix table thead th, .Skin .Matrix table thead td, .Skin .PGR .DragAndDrop .Items label, .Skin .QuestionBody ul.ChoiceStructure, .Skin .PGR .DragAndDrop .Group ul, .Skin .PGR .DragAndDrop .Group h2, .Skin .PGR .DragAndDrop .Items ul, .Skin .PGR .DragAndDrop .Items h2, .Skin .DD .QuestionBody table.ChoiceStructure, .Skin .PGR .DragAndDrop .NoColumns td.groupsContainerTd div ul, .Skin .PGR .DragAndDrop .NoColumns td.groupsContainerTd div h2, .Skin .SBS thead th, .Skin .SBS td, .Skin .SBS .Answers td, .Skin .SBS .Answers th, .SBS table.ChoiceStructure, .Skin .horizontalbar thead table.LabelDescriptions tr td, .Skin .horizontalbar thead tr td.NotApplicable, .QuestionBody th, .Skin .QuestionBody .MC .MAVR label, .Skin .QuestionBody .MC .SAVR label, .Skin .SBS thead th, .Skin .SBS td, .Skin .RO .DND ul li, .Skin .reg, .SkinInner .ChoiceStructure, .Skin thead, .Skin .GAP .ChoiceStructure thead th, .Skin .GAP .ChoiceStructure .c4, .Skin .GAP .ChoiceStructure th, .Skin .GAP .ChoiceStructure .WhyText, .SkinInner .ChoiceStructure .LightBG, .Skin .QuestionOuter.Highlight .Inner .reg, .Skin .QuestionOuter.Highlight .Inner .alt, .Skin .QuestionOuter.Highlight .Inner .ReadableAlt       ","styles":{"fontFamily":"arial, helvetica, sans-serif","fontSize":"14pt","fontWeight":"normal","fontStyle":"normal","textDecoration":"none","color":null}},"headerStyles":{"selector":".Skin div#Header","styles":{"color":null}},"footerStyles":{"selector":".Skin #Footer","styles":{"color":null}},"questionSeparatorStyles":{"selector":".Skin .Separator","styles":{"backgroundColor":null,"display":"block"}},"highlightStyles":{"selector":".Skin .QuestionOuter.Highlight .Inner, .Skin .QuestionOuter.Highlight .Inner .reg, .Skin .QuestionOuter.Highlight .Inner .alt, .Skin .QuestionOuter.Highlight .Inner .ReadableAlt","styles":{"backgroundColor":null}},"highlightStylesAlt":{"selector":".Skin .QuestionOuter.Highlight .Inner .ReadableAlt, .Skin .QuestionOuter.Highlight .Inner .LightBG","styles":{"backgroundColor":null}},"textEntryStyles":{"selector":".Skin select, .Skin .InputText","styles":{"color":null}},"borderStyles":{"selector":".Skin .CS .horizontalbar table.sliderGrid tr.xlabel th, .Skin .CS .horizontalbar .ylabel, .Skin .CS .horizontalbar table.sliderGrid tr td.value, .Skin .Slider .horizontalbar table.sliderGrid tr.xlabel th, .Skin .BorderColor, .Skin .DarkBorderColor, .Skin .Slider .horizontalbar table.sliderGrid tr td.value, .Skin thead, .Skin .GAP .ChoiceStructure thead th  ","styles":{"borderColor":null}},"altRowStyles":{"selector":".Skin .ReadableAlt, .Skin .LightBG","styles":{"backgroundColor":null}},"customCSS":null},"HighlightQuestions":"off","ProtectSelectionIds":true,"EOSMessage":"","ShowExportTags":"false","CollectGeoLocation":"false","SurveyTitle":"Online Survey Software | Qualtrics Survey Solutions","SurveyMetaDescription":"Qualtrics sophisticated online survey software solutions make creating online surveys easy. Learn more about Research Suite and get a free account today.","PasswordProtection":"No","AnonymizeResponse":"No","Password":"","RefererCheck":"No","SecureResponseFiles":"false","RefererURL":"http:\/\/","EOSMessageLibrary":"","EOSRedirectURL":"http:\/\/","EmailThankYou":"false","ThankYouEmailMessageLibrary":null,"ThankYouEmailMessage":null,"ValidateMessage":"false","ValidationMessageLibrary":null,"InactiveSurvey":"DefaultMessage","InactiveMessageLibrary":"","InactiveMessage":"","ActiveResponseSet":null,"AvailableLanguages":{"EN":[]},"SurveyName":"ESM_Study3_48hrs"}},{"SurveyID":"SV_exjdMXh2ki3V5mB","Element":"SCO","PrimaryAttribute":"Scoring","SecondaryAttribute":null,"TertiaryAttribute":null,"Payload":{"ScoringCategories":[{"ID":"SC_1IkNzGzHJsIwa5n","Name":"TheologyQuestionnaire","Description":null},{"ID":"SC_0oIZH9jMYhsVoSF","Name":"COS","Description":null}],"ScoringCategoryGroups":[],"DefaultScoringCategory":"SC_9HpEPHvTunrSzQx","ScoringSummaryCategory":"SC_1IkNzGzHJsIwa5n","ScoringSummaryAfterQuestions":false,"ScoringSummaryAfterSurvey":0,"AutoScoringCategory":null,"IgnoreNullValues":true}},{"SurveyID":"SV_exjdMXh2ki3V5mB","Element":"PROJ","PrimaryAttribute":"CORE","SecondaryAttribute":null,"TertiaryAttribute":"1.1.0","Payload":{"ProjectCategory":"CORE","SchemaVersion":"1.1.0"}},{"SurveyID":"SV_exjdMXh2ki3V5mB","Element":"STAT","PrimaryAttribute":"Survey Statistics","SecondaryAttribute":null,"TertiaryAttribute":null,"Payload":{"MobileCompatible":true,"ID":"Survey Statistics"}},{"SurveyID":"SV_exjdMXh2ki3V5mB","Element":"QC","PrimaryAttribute":"Survey Question Count","SecondaryAttribute":"522","TertiaryAttribute":null,"Payload":null},{"SurveyID":"SV_exjdMXh2ki3V5mB","Element":"SQ","PrimaryAttribute":"QID31","SecondaryAttribute":"Academic research consent form: You are being invited to participate in a basic research study. \u00a0..","TertiaryAttribute":null,"Payload":{"QuestionText":"<div>Academic research consent form:<br>\n<br>\nYou are being invited to participate in a basic research study. &nbsp;Participation in this study includes two sessions: one for 1 hour and a second session 48 hours later for 30 minutes.&nbsp; The study consists of a series of simple tasks. &nbsp;You are free to discontinue your participation at any time; similarly, your participation may be discontinued at any time for reasons including failure to read and\/or follow instructions. &nbsp;&nbsp;<\/div><div><br><\/div><div>Your identity will be protected at all times. &nbsp;No identifying information will be attached to the records of any responses, which, in summarized and aggregated form with all participants in this study, may be made available to the public following the Open Science Framework. &nbsp;Any information obtained during the course of your participation will remain confidential and secure, and will be used solely for research purposes. &nbsp;There are no known risks to participants associated with participating in this kind of research.<br>&nbsp;<\/div><div>\nIf you have any further questions concerning the research study or your participation, please email the researchers at CDL.Study@psych.ucsb.edu. &nbsp;If you have any questions regarding research subject rights, please contact the University of California, Santa Barbara, Human Subjects Committee at hsc@research.ucsb.edu.<br>\n<br>\nPlease select \"I agree to participate\" below if you have read this consent form and you agree to participate in this study.<\/div>","QuestionJS":false,"DefaultChoices":false,"DataExportTag":"consent","QuestionID":"QID31","QuestionType":"MC","Selector":"SAHR","SubSelector":"TX","Configuration":{"QuestionDescriptionOption":"UseText","LabelPosition":"BELOW"},"QuestionDescription":"Academic research consent form: You are being invited to participate in a basic research study. \u00a0...","Choices":{"1":{"Display":"<span style=\"font-size:16px;\"><span style=\"font-family:arial,helvetica,sans-serif;\">I agree to participate<\/span><\/span>"},"2":{"Display":"<span style=\"font-family:arial,helvetica,sans-serif;\"><span style=\"font-size:16px;\">I DO NOT agree to participate<\/span><\/span>"}},"ChoiceOrder":[1,2],"Validation":{"Settings":{"ForceResponse":"ON","ForceResponseType":"ON","Type":"None"}},"GradingData":[],"Language":[],"PrivateData":false,"DataVisibility":{"Private":false,"Hidden":false},"NextChoiceId":3,"NextAnswerId":1}},{"SurveyID":"SV_exjdMXh2ki3V5mB","Element":"SQ","PrimaryAttribute":"QID463","SecondaryAttribute":"\u00a0 You will now see sentences from the stories you read last time. Your task is to identify, as ac..","TertiaryAttribute":null,"Payload":{"QuestionText":"<div>\n<p>&nbsp;<\/p>\n<\/div>\n\n<div>\n<div>\n<p><span style=\"font-size: 19px;\">You will now see sentences from the stories you read last time. Your task is to identify, as accurately as you can, which of the national parks was the one where you heard each statement.&nbsp;<\/span><\/p>\n\n<p>&nbsp;<\/p>\n<\/div>\n<span style=\"font-family: arial, helvetica, sans-serif;\"><span style=\"font-size: 19px;\">Which national park was where you heard:<\/span><\/span>&nbsp;<\/div><div><br><\/div>\n\n<div style=\"text-align: center;\"><span style=\"font-family: arial, helvetica, sans-serif;\"><span style=\"font-size: 19px;\">\"${lm:\/\/Field\/1}\"<\/span><\/span><\/div>\n\n<div>&nbsp;<\/div>\n\n<div>&nbsp;<\/div>","QuestionType":"MC","Selector":"SAHR","SubSelector":"TX","Configuration":{"QuestionDescriptionOption":"UseText","LabelPosition":"BELOW"},"QuestionDescription":"\u00a0 You will now see sentences from the stories you read last time. Your task is to identify, as ac...","Choices":{"1":{"Display":"<span style=\"font-size:19px;\">Joshua Tree<\/span>"},"2":{"Display":"<span style=\"font-size:19px;\">Sequoia<\/span>"},"3":{"Display":"<span style=\"font-size:19px;\">Mammoth<\/span>"},"4":{"Display":"<span style=\"font-size:19px;\">Big Sur<\/span>"}},"ChoiceOrder":["1","2","3","4"],"Validation":{"Settings":{"ForceResponse":"ON","ForceResponseType":"ON","Type":"None"}},"Language":[],"PrivateData":false,"RecodeValues":{"1":"1","2":"2","3":"3","4":"4"},"QuestionText_Unsafe":"<div>\n<p><span style=\"font-family: &quot;Qualtrics Grotesque&quot;, &quot;Helvetica Neue&quot;, Helvetica, Arial, sans-serif; font-size: 19px;\">You will now see sentences from the stories you read earlier. Your task is to identify, as accurately as you can, which of your friends was the one who told you each statement.<\/span><span style=\"font-family: &quot;Times New Roman&quot;, serif; font-size: 12pt;\"><o:p><\/o:p><\/span><\/p>\n<\/div>\n\n<div>&nbsp;<\/div>\n<span style=\"font-family: arial, helvetica, sans-serif;\"><span style=\"font-size: 19px;\">Which one of your friends said to you:<\/span><\/span>\n\n<div>&nbsp;<\/div>\n\n<div style=\"text-align: center;\"><span style=\"font-family: arial, helvetica, sans-serif;\"><span style=\"font-size: 19px;\">&quot;${lm:\/\/Field\/1}&quot;<\/span><\/span><\/div>\n\n<div style=\"text-align: center;\">&nbsp;<\/div>\n\n<div style=\"text-align: center;\">&nbsp;<\/div>","DataExportTag":"Test Block C2","QuestionID":"QID463","DataVisibility":{"Private":false,"Hidden":false},"NextChoiceId":5,"NextAnswerId":1}},{"SurveyID":"SV_exjdMXh2ki3V5mB","Element":"SQ","PrimaryAttribute":"QID209","SecondaryAttribute":"Browser Meta Info","TertiaryAttribute":null,"Payload":{"QuestionText":"Browser Meta Info","DefaultChoices":false,"DataExportTag":"Meta","QuestionType":"Meta","Selector":"Browser","Configuration":{"QuestionDescriptionOption":"UseText"},"QuestionDescription":"Browser Meta Info","Choices":{"1":{"Display":"Browser","TextEntry":1},"2":{"Display":"Version","TextEntry":1},"3":{"Display":"Operating System","TextEntry":1},"4":{"Display":"Screen Resolution","TextEntry":1},"5":{"Display":"Flash Version","TextEntry":1},"6":{"Display":"Java Support","TextEntry":1},"7":{"Display":"User Agent","TextEntry":1}},"GradingData":[],"Language":[],"QuestionID":"QID209"}},{"SurveyID":"SV_exjdMXh2ki3V5mB","Element":"RS","PrimaryAttribute":"RS_cupQ2O0VxE9cMsZ","SecondaryAttribute":"Default Response Set","TertiaryAttribute":null,"Payload":null},{"SurveyID":"SV_exjdMXh2ki3V5mB","Element":"SQ","PrimaryAttribute":"QID53","SecondaryAttribute":"Do you have any general comments about this survey or about your participation?","TertiaryAttribute":null,"Payload":{"QuestionText":"Do you have any general comments about this survey or about your participation?","DefaultChoices":false,"DataExportTag":"comments","QuestionType":"TE","Selector":"ML","Configuration":{"QuestionDescriptionOption":"UseText","InputWidth":601,"InputHeight":100},"QuestionDescription":"Do you have any general comments about this survey or about your participation?","Validation":{"Settings":{"ForceResponse":"OFF","ForceResponseType":"ON","Type":"None"}},"GradingData":[],"Language":[],"QuestionID":"QID53","QuestionJS":false}},{"SurveyID":"SV_exjdMXh2ki3V5mB","Element":"SQ","PrimaryAttribute":"QID509","SecondaryAttribute":"Experimenter: Which code is this participant? ","TertiaryAttribute":null,"Payload":{"QuestionText":"Experimenter: Which code is this participant?&nbsp;","DataExportTag":"Version","QuestionType":"MC","Selector":"SAHR","SubSelector":"TX","Configuration":{"QuestionDescriptionOption":"UseText","LabelPosition":"BELOW"},"QuestionDescription":"Experimenter: Which code is this participant? ","Choices":{"1":{"Display":"1"},"2":{"Display":"2"},"3":{"Display":"3"},"4":{"Display":"4"},"5":{"Display":"5"},"6":{"Display":"6"},"7":{"Display":"7"},"8":{"Display":"8"}},"ChoiceOrder":["1","2","3","4","5","6","7","8"],"Validation":{"Settings":{"ForceResponse":"OFF","ForceResponseType":"ON","Type":"None"}},"Language":[],"NextChoiceId":9,"NextAnswerId":1,"QuestionID":"QID509","DataVisibility":{"Private":false,"Hidden":false}}},{"SurveyID":"SV_exjdMXh2ki3V5mB","Element":"SQ","PrimaryAttribute":"QID498","SecondaryAttribute":"Please type in the last 4 digits of your UCSB PERM #:","TertiaryAttribute":null,"Payload":{"QuestionText":"Please type in the last 4 digits of your UCSB PERM #:","DefaultChoices":false,"DataExportTag":"Perm","QuestionType":"TE","Selector":"SL","Configuration":{"QuestionDescriptionOption":"UseText","AllowFreeResponse":"false"},"QuestionDescription":"Please type in the last 4 digits of your UCSB PERM #:","Validation":{"Settings":{"ForceResponse":"OFF","ForceResponseType":"ON","Type":"None"}},"GradingData":[],"Language":[],"NextChoiceId":4,"NextAnswerId":1,"QuestionID":"QID498","DataVisibility":{"Private":false,"Hidden":false}}},{"SurveyID":"SV_exjdMXh2ki3V5mB","Element":"SQ","PrimaryAttribute":"QID367","SecondaryAttribute":"Please type in the number of the desk you sitting at (1-10):","TertiaryAttribute":null,"Payload":{"QuestionText":"Please type in the number of the desk you sitting at (1-10):","DefaultChoices":false,"DataExportTag":"Desknumber","QuestionType":"TE","Selector":"SL","Configuration":{"QuestionDescriptionOption":"UseText","InputWidth":79,"InputHeight":29},"QuestionDescription":"Please type in the number of the desk you sitting at (1-10):","Validation":{"Settings":{"ForceResponse":"OFF","ForceResponseType":"ON","Type":"None"}},"GradingData":[],"Language":[],"QuestionID":"QID367"}},{"SurveyID":"SV_exjdMXh2ki3V5mB","Element":"SQ","PrimaryAttribute":"QID512","SecondaryAttribute":"What is the race or ethnicity you most identify with?","TertiaryAttribute":null,"Payload":{"QuestionText":"<span style=\"font-family:arial,helvetica,sans-serif;\"><span style=\"font-size:16px;\">What is the race or ethnicity you most identify with?<\/span><\/span>","QuestionJS":false,"DataExportTag":"Race","QuestionType":"MC","Selector":"SAVR","SubSelector":"TX","DataVisibility":{"Private":false,"Hidden":false},"Configuration":{"QuestionDescriptionOption":"UseText"},"QuestionDescription":"What is the race or ethnicity you most identify with?","Choices":{"1":{"Display":"White"},"2":{"Display":"Hispanic, Latino, or Spanish origin"},"3":{"Display":"Black or African American"},"4":{"Display":"South Asian"},"5":{"Display":"Southeast Asian"},"6":{"Display":"East Asian"}},"ChoiceOrder":[1,2,3,4,5,6],"Validation":{"Settings":{"ForceResponse":"ON","ForceResponseType":"ON","Type":"None"}},"GradingData":[],"Language":[],"NextChoiceId":8,"NextAnswerId":1,"QuestionID":"QID512"}},{"SurveyID":"SV_exjdMXh2ki3V5mB","Element":"SQ","PrimaryAttribute":"QID510","SecondaryAttribute":"What is your age (in years)?","TertiaryAttribute":null,"Payload":{"QuestionText":"What is your age (in years)?","QuestionJS":false,"DefaultChoices":false,"DataExportTag":"Age","QuestionType":"TE","Selector":"SL","DataVisibility":{"Private":false,"Hidden":false},"Configuration":{"QuestionDescriptionOption":"UseText","InputWidth":40,"AllowFreeResponse":"false"},"QuestionDescription":"What is your age (in years)?","Validation":{"Settings":{"ForceResponse":"ON","ForceResponseType":"ON","Type":"CharRange","MinChars":"2","TotalChars":"2","ValidDateType":"DateWithFormat","ValidPhoneType":"ValidUSPhone","ValidZipType":"ValidUSZip"}},"GradingData":[],"Language":[],"NextChoiceId":1,"NextAnswerId":1,"QuestionID":"QID510"}},{"SurveyID":"SV_exjdMXh2ki3V5mB","Element":"SQ","PrimaryAttribute":"QID511","SecondaryAttribute":"What is your biological sex?","TertiaryAttribute":null,"Payload":{"QuestionText":"<span style=\"font-size:16px;\">What is your biological sex?<\/span>","QuestionJS":false,"DataExportTag":"Sex","QuestionType":"MC","Selector":"SAVR","SubSelector":"TX","DataVisibility":{"Private":false,"Hidden":false},"Configuration":{"QuestionDescriptionOption":"UseText"},"QuestionDescription":"What is your biological sex?","Choices":{"1":{"Display":"<span style=\"font-size:16px;\">Male<\/span>"},"2":{"Display":"<span style=\"font-size:16px;\">Female<\/span>"}},"ChoiceOrder":[1,2],"Validation":{"Settings":{"ForceResponse":"ON","ForceResponseType":"ON","Type":"None"}},"Language":[],"NextChoiceId":3,"NextAnswerId":1,"QuestionID":"QID511"}},{"SurveyID":"SV_exjdMXh2ki3V5mB","Element":"SQ","PrimaryAttribute":"QID52","SecondaryAttribute":"You are all done with Session 2! This concludes your participation in this two-part study. A litt...","TertiaryAttribute":null,"Payload":{"QuestionText":"You are all done with Session 2! This concludes your participation in this two-part study.<div><br><\/div><div>A little about this study: We are interested in how the mind remembers information that contradicts our expectations about how animals, objects, and plants behave. Past research shows that this sort of 'counter-intuitive' information is very memorable. We are trying to determine if different types of contextual information, such as the person or place, associated with the strange information are also more memorable, even after a couple days.<\/div><div><span style=\"font-size: 18.6667px;\"><br><\/span><\/div><div><span style=\"font-size: 18.6667px;\">We didn't want to ask about complicated beliefs or ones you'd already be familiar with, so instead we came up with very short and simple ones. Your memory of these items will help us learn more about how the mind processes this sort of information.<\/span><\/div><div><br><\/div><div>\n<br>\nIf you have any further questions concerning the research project or your participation, please feel free to contact us at CDL.Study@psych.ucsb.edu.\n<div>&nbsp;<\/div>\n\n<div><strong>Be sure to hit the red box to submit your responses.&nbsp;<\/strong><\/div><\/div>","DefaultChoices":false,"DataExportTag":"debrief","QuestionID":"QID52","QuestionType":"DB","Selector":"TB","Configuration":{"QuestionDescriptionOption":"UseText"},"QuestionDescription":"You are all done with Session 2! This concludes your participation in this two-part study. A litt...","ChoiceOrder":[],"Validation":{"Settings":{"Type":"None"}},"GradingData":[],"Language":[],"QuestionJS":false,"PrivateData":false,"DataVisibility":{"Private":false,"Hidden":false},"NextChoiceId":1,"NextAnswerId":1}},{"SurveyID":"SV_exjdMXh2ki3V5mB","Element":"SQ","PrimaryAttribute":"QID277","SecondaryAttribute":"You will now see sentences from the stories you read last time. Your task is to identify, as accu...","TertiaryAttribute":null,"Payload":{"QuestionText":"<div>\n<p><span style=\"font-family:arial,helvetica,sans-serif;\"><span style=\"font-size:19px;\">You will now see sentences from the stories you read last time. Your task is to identify, as accurately as you can, which of your friends was the one who told you each statement.<\/span><\/span><span style=\"font-size: 12pt; font-family: &quot;Times New Roman&quot;, serif;\"><o:p><\/o:p><\/span><\/p>\n<\/div>\n\n<div>&nbsp;<\/div>\n<span style=\"font-family:arial,helvetica,sans-serif;\"><span style=\"font-size:19px;\">Which one of your friends said to you:<\/span><\/span>\n\n<div>&nbsp;<\/div>\n\n<div style=\"text-align: center;\"><span style=\"font-family:arial,helvetica,sans-serif;\"><span style=\"font-size:19px;\">\"${lm:\/\/Field\/1}\"<\/span><\/span><\/div><div style=\"text-align: center;\"><span style=\"font-family:arial,helvetica,sans-serif;\"><span style=\"font-size:19px;\"><br><\/span><\/span><\/div><div style=\"text-align: center;\"><span style=\"font-family:arial,helvetica,sans-serif;\"><span style=\"font-size:19px;\"><br><\/span><\/span><\/div>","DataExportTag":"Test blockV1","QuestionType":"MC","Selector":"SAHR","SubSelector":"TX","Configuration":{"QuestionDescriptionOption":"UseText","LabelPosition":"BELOW"},"QuestionDescription":"You will now see sentences from the stories you read last time. Your task is to identify, as accu...","Choices":{"1":{"Display":"<span style=\"font-size:19px;\">Sam<\/span>"},"2":{"Display":"<span style=\"font-size:19px;\">Ariel<\/span>"},"3":{"Display":"<span style=\"font-size:19px;\">Miguel<\/span>"},"4":{"Display":"<span style=\"font-size:19px;\">Joanna<\/span>"}},"ChoiceOrder":["1","2","3","4"],"Validation":{"Settings":{"ForceResponse":"ON","ForceResponseType":"ON","Type":"None"}},"Language":[],"QuestionID":"QID277","PrivateData":false,"RecodeValues":{"1":"1","2":"2","3":"3","4":"4"},"DataVisibility":{"Private":false,"Hidden":false},"NextChoiceId":5,"NextAnswerId":1}},{"SurveyID":"SV_exjdMXh2ki3V5mB","Element":"SQ","PrimaryAttribute":"QID281","SecondaryAttribute":"You will now see sentences from the stories you read last time. Your task is to identify, as accu...","TertiaryAttribute":null,"Payload":{"QuestionText":"<div>\n<p><span style=\"font-size: 19px;\">You will now see sentences from the stories you read last time. Your task is to identify, as accurately as you can, which of your friends was the one who told you each statement.<\/span><\/p>\n<\/div>\n\n<div>&nbsp;<\/div>\n<span style=\"box-sizing: border-box; font-family: arial, helvetica, sans-serif; font-size: 15px;\"><span style=\"box-sizing: border-box; font-family: &quot;Qualtrics Grotesque&quot;, &quot;Helvetica Neue&quot;, Helvetica, Arial, sans-serif; font-size: 19px;\">Which one of your friends said to you:<\/span><\/span>\n\n<div>&nbsp;<\/div>\n\n<div style=\"text-align: center;\"><span style=\"box-sizing: border-box; font-family: arial, helvetica, sans-serif;\"><span style=\"box-sizing: border-box; font-family: &quot;Qualtrics Grotesque&quot;, &quot;Helvetica Neue&quot;, Helvetica, Arial, sans-serif; font-size: 19px;\">\"${lm:\/\/Field\/1}\"<\/span><\/span><\/div>\n\n<div>&nbsp;<\/div>\n\n<div>&nbsp;<\/div>","DataExportTag":"testblockV2","QuestionType":"MC","Selector":"SAHR","SubSelector":"TX","Configuration":{"QuestionDescriptionOption":"UseText","LabelPosition":"BELOW"},"QuestionDescription":"You will now see sentences from the stories you read last time. Your task is to identify, as accu...","Choices":{"1":{"Display":"<span style=\"font-size:19px;\">Sam<\/span>"},"2":{"Display":"<span style=\"font-size:19px;\">Ariel<\/span>"},"3":{"Display":"<span style=\"font-size:19px;\">Miguel<\/span>"},"4":{"Display":"<span style=\"font-size:19px;\">Joanna<\/span>"}},"ChoiceOrder":["1","2","3","4"],"Validation":{"Settings":{"ForceResponse":"ON","ForceResponseType":"ON","Type":"None"}},"Language":[],"QuestionID":"QID281","PrivateData":false,"RecodeValues":{"1":"1","2":"2","3":"3","4":"4"},"DataVisibility":{"Private":false,"Hidden":false},"NextChoiceId":5,"NextAnswerId":1}},{"SurveyID":"SV_exjdMXh2ki3V5mB","Element":"SQ","PrimaryAttribute":"QID284","SecondaryAttribute":"You will now see sentences from the stories you read last time. Your task is to identify, as accu...","TertiaryAttribute":null,"Payload":{"QuestionText":"<div>\n<p><span style=\"font-family: &quot;Qualtrics Grotesque&quot;, &quot;Helvetica Neue&quot;, Helvetica, Arial, sans-serif; font-size: 19px;\">You will now see sentences from the stories you read last time. Your task is to identify, as accurately as you can, which of your friends was the one who told you each statement.<\/span><span style=\"font-family: &quot;Times New Roman&quot;, serif; font-size: 12pt;\"><o:p><\/o:p><\/span><\/p>\n<\/div>\n\n<div>&nbsp;<\/div>\n<span style=\"font-family: arial, helvetica, sans-serif;\"><span style=\"font-size: 19px;\">Which one of your friends said to you:<\/span><\/span>\n\n<div>&nbsp;<\/div>\n\n<div style=\"text-align: center;\"><span style=\"font-family: arial, helvetica, sans-serif;\"><span style=\"font-size: 19px;\">\"${lm:\/\/Field\/1}\"<\/span><\/span><\/div>\n\n<div style=\"text-align: center;\">&nbsp;<\/div>\n\n<div style=\"text-align: center;\">&nbsp;<\/div>","DataExportTag":"TestBlockV4","QuestionType":"MC","Selector":"SAHR","SubSelector":"TX","Configuration":{"QuestionDescriptionOption":"UseText","LabelPosition":"BELOW"},"QuestionDescription":"You will now see sentences from the stories you read last time. Your task is to identify, as accu...","Choices":{"1":{"Display":"<span style=\"font-size:19px;\">Sam<\/span>"},"2":{"Display":"<span style=\"font-size:19px;\">Ariel<\/span>"},"3":{"Display":"<span style=\"font-size:19px;\">Miguel<\/span>"},"4":{"Display":"<span style=\"font-size:19px;\">Joanna<\/span>"}},"ChoiceOrder":["1","2","3","4"],"Validation":{"Settings":{"ForceResponse":"ON","ForceResponseType":"ON","Type":"None"}},"Language":[],"QuestionID":"QID284","PrivateData":false,"RecodeValues":{"1":"1","2":"2","3":"3","4":"4"},"DataVisibility":{"Private":false,"Hidden":false},"NextChoiceId":5,"NextAnswerId":1}},{"SurveyID":"SV_exjdMXh2ki3V5mB","Element":"SQ","PrimaryAttribute":"QID285","SecondaryAttribute":"You will now see sentences from the stories you read last time. Your task is to identify, as accu...","TertiaryAttribute":null,"Payload":{"QuestionText":"<div>\n<p><span style=\"color: rgb(64, 64, 64); font-family: &quot;Qualtrics Grotesque&quot;, &quot;Helvetica Neue&quot;, Helvetica, Arial, sans-serif; font-size: 19px;\">You will now see sentences from the stories you read last time<\/span><span style=\"color: rgb(64, 64, 64); font-family: &quot;Qualtrics Grotesque&quot;, &quot;Helvetica Neue&quot;, Helvetica, Arial, sans-serif; font-size: 19px;\">. Your task is to identify, as accurately as you can, which of your friends was the one who told you each statement.<\/span><span style=\"font-family: &quot;Times New Roman&quot;, serif; font-size: 12pt;\"><o:p><\/o:p><\/span><\/p>\n<\/div>\n\n<div>&nbsp;<\/div>\n<span style=\"font-family: arial, helvetica, sans-serif;\"><span style=\"font-size: 19px;\">Which one of your friends said to you:<\/span><\/span>\n\n<div>&nbsp;<\/div>\n\n<div style=\"text-align: center;\"><span style=\"font-family: arial, helvetica, sans-serif;\"><span style=\"font-size: 19px;\">\"${lm:\/\/Field\/1}\"<\/span><\/span><\/div>\n\n<div>&nbsp;<\/div>\n\n<div>&nbsp;<\/div>","DataExportTag":"TestblockV3","QuestionType":"MC","Selector":"SAHR","SubSelector":"TX","Configuration":{"QuestionDescriptionOption":"UseText","LabelPosition":"BELOW"},"QuestionDescription":"You will now see sentences from the stories you read last time. Your task is to identify, as accu...","Choices":{"1":{"Display":"<span style=\"font-size:19px;\">Sam<\/span>"},"2":{"Display":"<span style=\"font-size:19px;\">Ariel<\/span>"},"3":{"Display":"<span style=\"font-size:19px;\">Miguel<\/span>"},"4":{"Display":"<span style=\"font-size:19px;\">Joanna<\/span>"}},"ChoiceOrder":["1","2","3","4"],"Validation":{"Settings":{"ForceResponse":"ON","ForceResponseType":"ON","Type":"None"}},"Language":[],"QuestionID":"QID285","PrivateData":false,"RecodeValues":{"1":"1","2":"2","3":"3","4":"4"},"DataVisibility":{"Private":false,"Hidden":false},"NextChoiceId":5,"NextAnswerId":1}},{"SurveyID":"SV_exjdMXh2ki3V5mB","Element":"SQ","PrimaryAttribute":"QID462","SecondaryAttribute":"You will now see sentences from the stories you read last time. Your task is to identify, as accu...","TertiaryAttribute":null,"Payload":{"QuestionText":"<div>\n<p><span style=\"font-family: &quot;Qualtrics Grotesque&quot;, &quot;Helvetica Neue&quot;, Helvetica, Arial, sans-serif; font-size: 19px;\">You will now see sentences from the stories you read last time. Your task is to identify, as accurately as you can, which of the national parks was the one where you heard each statement.&nbsp;<br><\/span><\/p><p><span style=\"font-family: &quot;Qualtrics Grotesque&quot;, &quot;Helvetica Neue&quot;, Helvetica, Arial, sans-serif; font-size: 19px;\"><br><\/span><\/p><\/div>\n<span style=\"font-family: arial, helvetica, sans-serif;\"><span style=\"font-size: 19px;\">Which national park was where you heard:<\/span><\/span>\n\n<div>&nbsp;<\/div>\n\n<div style=\"text-align: center;\"><span style=\"font-family: arial, helvetica, sans-serif;\"><span style=\"font-size: 19px;\">\"${lm:\/\/Field\/1}\"<\/span><\/span><\/div>\n\n<div style=\"text-align: center;\">&nbsp;<\/div>\n\n<div style=\"text-align: center;\">&nbsp;<\/div>","QuestionType":"MC","Selector":"SAHR","SubSelector":"TX","Configuration":{"QuestionDescriptionOption":"UseText","LabelPosition":"BELOW"},"QuestionDescription":"You will now see sentences from the stories you read last time. Your task is to identify, as accu...","Choices":{"1":{"Display":"<span style=\"font-size:19px;\">Joshua Tree<\/span>"},"2":{"Display":"<span style=\"font-size:19px;\">Sequoia<\/span>"},"3":{"Display":"<span style=\"font-size:19px;\">Mammoth<\/span>"},"4":{"Display":"<span style=\"font-size:19px;\">Big Sur<\/span>"}},"ChoiceOrder":["1","2","3","4"],"Validation":{"Settings":{"ForceResponse":"ON","ForceResponseType":"ON","Type":"None"}},"Language":[],"PrivateData":false,"RecodeValues":{"1":"1","2":"2","3":"3","4":"4"},"QuestionText_Unsafe":"<div>\n<p><span style=\"font-family: &quot;Qualtrics Grotesque&quot;, &quot;Helvetica Neue&quot;, Helvetica, Arial, sans-serif; font-size: 19px;\">You will now see sentences from the stories you read earlier. Your task is to identify, as accurately as you can, which of your friends was the one who told you each statement.<\/span><span style=\"font-family: &quot;Times New Roman&quot;, serif; font-size: 12pt;\"><o:p><\/o:p><\/span><\/p>\n<\/div>\n\n<div>&nbsp;<\/div>\n<span style=\"font-family: arial, helvetica, sans-serif;\"><span style=\"font-size: 19px;\">Which one of your friends said to you:<\/span><\/span>\n\n<div>&nbsp;<\/div>\n\n<div style=\"text-align: center;\"><span style=\"font-family: arial, helvetica, sans-serif;\"><span style=\"font-size: 19px;\">&quot;${lm:\/\/Field\/1}&quot;<\/span><\/span><\/div>\n\n<div style=\"text-align: center;\">&nbsp;<\/div>\n\n<div style=\"text-align: center;\">&nbsp;<\/div>","DataExportTag":"TestBlock C1","QuestionID":"QID462","DataVisibility":{"Private":false,"Hidden":false},"NextChoiceId":5,"NextAnswerId":1}},{"SurveyID":"SV_exjdMXh2ki3V5mB","Element":"SQ","PrimaryAttribute":"QID464","SecondaryAttribute":"You will now see sentences from the stories you read last time. Your task is to identify, as accu...","TertiaryAttribute":null,"Payload":{"QuestionText":"<div>\n<p><span style=\"font-size: 19px;\">You will now see sentences from the stories you read last time. Your task is to identify, as accurately as you can, which of the national parks was the one where you heard each statement.&nbsp;<\/span><\/p>\n<\/div>\n\n<div>\n<div>\n<p>&nbsp;<\/p>\n<\/div>\n<span style=\"font-family: arial, helvetica, sans-serif;\"><span style=\"font-size: 19px;\">Which national park was where you heard:<\/span><\/span>&nbsp;<br>\n&nbsp;<\/div>\n\n<div style=\"text-align: center;\"><span style=\"font-family: arial, helvetica, sans-serif;\"><span style=\"font-size: 19px;\">\"${lm:\/\/Field\/1}\"<\/span><\/span><\/div>\n\n<div>&nbsp;<\/div>\n\n<div>&nbsp;<\/div>","QuestionType":"MC","Selector":"SAHR","SubSelector":"TX","Configuration":{"QuestionDescriptionOption":"UseText","LabelPosition":"BELOW"},"QuestionDescription":"You will now see sentences from the stories you read last time. Your task is to identify, as accu...","Choices":{"1":{"Display":"<span style=\"font-size:19px;\">Joshua Tree<\/span>"},"2":{"Display":"<span style=\"font-size:19px;\">Sequoia<\/span>"},"3":{"Display":"<span style=\"font-size:19px;\">Mammoth<\/span>"},"4":{"Display":"<span style=\"font-size:19px;\">Big Sur<\/span>"}},"ChoiceOrder":["1","2","3","4"],"Validation":{"Settings":{"ForceResponse":"ON","ForceResponseType":"ON","Type":"None"}},"Language":[],"PrivateData":false,"RecodeValues":{"1":"1","2":"2","3":"3","4":"4"},"QuestionText_Unsafe":"<div>\n<p><span style=\"font-family: &quot;Qualtrics Grotesque&quot;, &quot;Helvetica Neue&quot;, Helvetica, Arial, sans-serif; font-size: 19px;\">You will now see sentences from the stories you read earlier. Your task is to identify, as accurately as you can, which of your friends was the one who told you each statement.<\/span><span style=\"font-family: &quot;Times New Roman&quot;, serif; font-size: 12pt;\"><o:p><\/o:p><\/span><\/p>\n<\/div>\n\n<div>&nbsp;<\/div>\n<span style=\"font-family: arial, helvetica, sans-serif;\"><span style=\"font-size: 19px;\">Which one of your friends said to you:<\/span><\/span>\n\n<div>&nbsp;<\/div>\n\n<div style=\"text-align: center;\"><span style=\"font-family: arial, helvetica, sans-serif;\"><span style=\"font-size: 19px;\">&quot;${lm:\/\/Field\/1}&quot;<\/span><\/span><\/div>\n\n<div style=\"text-align: center;\">&nbsp;<\/div>\n\n<div style=\"text-align: center;\">&nbsp;<\/div>","DataExportTag":"TestBlockC3","QuestionID":"QID464","DataVisibility":{"Private":false,"Hidden":false},"NextChoiceId":5,"NextAnswerId":1}},{"SurveyID":"SV_exjdMXh2ki3V5mB","Element":"SQ","PrimaryAttribute":"QID465","SecondaryAttribute":"You will now see sentences from the stories you read last time. Your task is to identify, as accu...","TertiaryAttribute":null,"Payload":{"QuestionText":"<div>\n<p><span style=\"font-size: 19px;\">You will now see sentences from the stories you read last time. Your task is to identify, as accurately as you can, which of the national parks was the one where you heard each statement.&nbsp;<\/span><\/p>\n<\/div>\n\n<div>\n<div>\n<p>&nbsp;<\/p>\n<\/div>\n<span style=\"font-family: arial, helvetica, sans-serif;\"><span style=\"font-size: 19px;\">Which national park was where you heard:<\/span><\/span>&nbsp;<\/div>\n\n<div>&nbsp;<\/div>\n\n<div style=\"text-align: center;\"><span style=\"font-family: arial, helvetica, sans-serif;\"><span style=\"font-size: 19px;\">\"${lm:\/\/Field\/1}\"<\/span><\/span><\/div>\n\n<div>&nbsp;<\/div>\n\n<div>&nbsp;<\/div>","QuestionType":"MC","Selector":"SAHR","SubSelector":"TX","Configuration":{"QuestionDescriptionOption":"UseText","LabelPosition":"BELOW"},"QuestionDescription":"You will now see sentences from the stories you read last time. Your task is to identify, as accu...","Choices":{"1":{"Display":"<span style=\"font-size:19px;\">Joshua Tree<\/span>"},"2":{"Display":"<span style=\"font-size:19px;\">Sequoia<\/span>"},"3":{"Display":"<span style=\"font-size:19px;\">Mammoth<\/span>"},"4":{"Display":"<span style=\"font-size:19px;\">Big Sur<\/span>"}},"ChoiceOrder":["1","2","3","4"],"Validation":{"Settings":{"ForceResponse":"ON","ForceResponseType":"ON","Type":"None"}},"Language":[],"PrivateData":false,"RecodeValues":{"1":"1","2":"2","3":"3","4":"4"},"QuestionText_Unsafe":"<div>\n<p><span style=\"font-family: &quot;Qualtrics Grotesque&quot;, &quot;Helvetica Neue&quot;, Helvetica, Arial, sans-serif; font-size: 19px;\">You will now see sentences from the stories you read earlier. Your task is to identify, as accurately as you can, which of your friends was the one who told you each statement.<\/span><span style=\"font-family: &quot;Times New Roman&quot;, serif; font-size: 12pt;\"><o:p><\/o:p><\/span><\/p>\n<\/div>\n\n<div>&nbsp;<\/div>\n<span style=\"font-family: arial, helvetica, sans-serif;\"><span style=\"font-size: 19px;\">Which one of your friends said to you:<\/span><\/span>\n\n<div>&nbsp;<\/div>\n\n<div style=\"text-align: center;\"><span style=\"font-family: arial, helvetica, sans-serif;\"><span style=\"font-size: 19px;\">&quot;${lm:\/\/Field\/1}&quot;<\/span><\/span><\/div>\n\n<div style=\"text-align: center;\">&nbsp;<\/div>\n\n<div style=\"text-align: center;\">&nbsp;<\/div>","DataExportTag":"TestBlockC4","QuestionID":"QID465","DataVisibility":{"Private":false,"Hidden":false},"NextChoiceId":5,"NextAnswerId":1}}]}